
Microsoft Visual Studio Solution File, Format Version 12.00
# Visual Studio Version 17
VisualStudioVersion = 17.10.35013.160
MinimumVisualStudioVersion = 10.0.40219.1
Project("{FAE04EC0-301F-11D3-BF4B-00C04F79EFBC}") = "Producer", "Producer\Producer.csproj", "{7DFC6419-E15E-42C8-B99D-B44F47679E09}"
EndProject
Global
	GlobalSection(SolutionConfigurationPlatforms) = preSolution
		Debug|Any CPU = Debug|Any CPU
		Release|Any CPU = Release|Any CPU
	EndGlobalSection
	GlobalSection(ProjectConfigurationPlatforms) = postSolution
		{7DFC6419-E15E-42C8-B99D-B44F47679E09}.Debug|Any CPU.ActiveCfg = Debug|Any CPU
		{7DFC6419-E15E-42C8-B99D-B44F47679E09}.Debug|Any CPU.Build.0 = Debug|Any CPU
		{7DFC6419-E15E-42C8-B99D-B44F47679E09}.Release|Any CPU.ActiveCfg = Release|Any CPU
		{7DFC6419-E15E-42C8-B99D-B44F47679E09}.Release|Any CPU.Build.0 = Release|Any CPU
	EndGlobalSection
	GlobalSection(SolutionProperties) = preSolution
		HideSolutionNode = FALSE
	EndGlobalSection
	GlobalSection(ExtensibilityGlobals) = postSolution
		SolutionGuid = {B733AC24-84A8-495E-A859-0FB0CE3FA7DB}
	EndGlobalSection
EndGlobal
